PODS:
  - Alamofire (4.2.0)
  - AlamoFuzi (1.0.4):
    - Alamofire (~> 4.0)
    - Fuzi (~> 1.0)
  - BRYXBanner (0.7.1)
  - CDAlertView (0.3.1)
  - Charts (3.0.1):
    - Charts/Core (= 3.0.1)
  - Charts/Core (3.0.1)
  - Fuzi (1.0.1)
  - Pantry (0.3)
  - SwiftSpinner (1.1.0)
  - SwiftyJSON (3.1.3)
  - XLActionController (3.0.1):
    - XLActionController/Core (= 3.0.1)
  - XLActionController/Core (3.0.1)
  - XLActionController/Periscope (3.0.1):
    - XLActionController/Core
  - XLActionController/Spotify (3.0.1):
    - XLActionController/Core

DEPENDENCIES:
  - Alamofire (~> 4.0)
  - AlamoFuzi (~> 1.0.0)
  - BRYXBanner
  - CDAlertView
  - Charts
  - Pantry
  - SwiftSpinner
  - SwiftyJSON
  - XLActionController
  - XLActionController/Periscope
  - XLActionController/Spotify

SPEC CHECKSUMS:
  Alamofire: aa2e09d871c9160ac53c90e83c68064a94e3dfbe
  AlamoFuzi: 6819222f23c387a8985b8be5c31fb5ba6b8713de
  BRYXBanner: 34eabf9c6c009f187948ca78a4f3bba3767d0f04
  CDAlertView: eef7e1d14a3922c079f83e0c6adc6416d9f6940b
  Charts: 0e84f4418e87dad6a9edde221fba37ebb51d3ba7
  Fuzi: 851403654bac55675aaeed815d0c8a1d3e3d3e8b
  Pantry: 98481849be65d2b2cb9658976533e84ebd266192
  SwiftSpinner: c03815614599b91eea46594bd52ba742849d0414
  SwiftyJSON: 38a8ea2006779c0fc4c310cb2ee8195327740faf
  XLActionController: 57fe0ce1642e2eed971b188b490762345fdbf963

PODFILE CHECKSUM: d7f90d8d7af2ff23f5857ce69356f2f35bb7ede5

COCOAPODS: 1.2.0.beta.1
